
Microsoft Visual Studio Solution File, Format Version 12.00
# Visual Studio Version 17
VisualStudioVersion = 17.9.34607.119
MinimumVisualStudioVersion = 10.0.40219.1
Project("{FAE04EC0-301F-11D3-BF4B-00C04F79EFBC}") = "API", "API\API.csproj", "{4419ED49-A48E-4206-B305-BBCE31DE942C}"
EndProject
Project("{FAE04EC0-301F-11D3-BF4B-00C04F79EFBC}") = "BLL", "BLL\BLL.csproj", "{8FFD50B1-E500-4914-84B2-C135FAA2AC2C}"
EndProject
Project("{FAE04EC0-301F-11D3-BF4B-00C04F79EFBC}") = "DAL", "DAL\DAL.csproj", "{63E7EAF2-0217-46DE-A75B-CF5328C40D21}"
EndProject
Project("{FAE04EC0-301F-11D3-BF4B-00C04F79EFBC}") = "Models", "Models\Models.csproj", "{C3F57A13-4107-4E86-B832-47789378F42D}"
EndProject
Global
	GlobalSection(SolutionConfigurationPlatforms) = preSolution
		Debug|Any CPU = Debug|Any CPU
		Release|Any CPU = Release|Any CPU
	EndGlobalSection
	GlobalSection(ProjectConfigurationPlatforms) = postSolution
		{4419ED49-A48E-4206-B305-BBCE31DE942C}.Debug|Any CPU.ActiveCfg = Debug|Any CPU
		{4419ED49-A48E-4206-B305-BBCE31DE942C}.Debug|Any CPU.Build.0 = Debug|Any CPU
		{4419ED49-A48E-4206-B305-BBCE31DE942C}.Release|Any CPU.ActiveCfg = Release|Any CPU
		{4419ED49-A48E-4206-B305-BBCE31DE942C}.Release|Any CPU.Build.0 = Release|Any CPU
		{8FFD50B1-E500-4914-84B2-C135FAA2AC2C}.Debug|Any CPU.ActiveCfg = Debug|Any CPU
		{8FFD50B1-E500-4914-84B2-C135FAA2AC2C}.Debug|Any CPU.Build.0 = Debug|Any CPU
		{8FFD50B1-E500-4914-84B2-C135FAA2AC2C}.Release|Any CPU.ActiveCfg = Release|Any CPU
		{8FFD50B1-E500-4914-84B2-C135FAA2AC2C}.Release|Any CPU.Build.0 = Release|Any CPU
		{63E7EAF2-0217-46DE-A75B-CF5328C40D21}.Debug|Any CPU.ActiveCfg = Debug|Any CPU
		{63E7EAF2-0217-46DE-A75B-CF5328C40D21}.Debug|Any CPU.Build.0 = Debug|Any CPU
		{63E7EAF2-0217-46DE-A75B-CF5328C40D21}.Release|Any CPU.ActiveCfg = Release|Any CPU
		{63E7EAF2-0217-46DE-A75B-CF5328C40D21}.Release|Any CPU.Build.0 = Release|Any CPU
		{C3F57A13-4107-4E86-B832-47789378F42D}.Debug|Any CPU.ActiveCfg = Debug|Any CPU
		{C3F57A13-4107-4E86-B832-47789378F42D}.Debug|Any CPU.Build.0 = Debug|Any CPU
		{C3F57A13-4107-4E86-B832-47789378F42D}.Release|Any CPU.ActiveCfg = Release|Any CPU
		{C3F57A13-4107-4E86-B832-47789378F42D}.Release|Any CPU.Build.0 = Release|Any CPU
	EndGlobalSection
	GlobalSection(SolutionProperties) = preSolution
		HideSolutionNode = FALSE
	EndGlobalSection
	GlobalSection(ExtensibilityGlobals) = postSolution
		SolutionGuid = {B42A5919-59E0-4A95-A91B-245DA14A8492}
	EndGlobalSection
EndGlobal
