
Microsoft Visual Studio Solution File, Format Version 12.00
# Visual Studio Version 17
VisualStudioVersion = 17.9.34607.119
MinimumVisualStudioVersion = 10.0.40219.1
Project("{FAE04EC0-301F-11D3-BF4B-00C04F79EFBC}") = "API", "BTLCNWeb\API.csproj", "{76D89B99-C2AC-41CF-8E23-6313A4C46008}"
EndProject
Project("{FAE04EC0-301F-11D3-BF4B-00C04F79EFBC}") = "BLL", "BLL\BLL.csproj", "{AFF0DB6E-89FA-489B-9A6E-CB8970953014}"
EndProject
Project("{FAE04EC0-301F-11D3-BF4B-00C04F79EFBC}") = "DAL", "DAL\DAL.csproj", "{05A418F7-729C-4204-BD11-9483FB4FE806}"
EndProject
Project("{FAE04EC0-301F-11D3-BF4B-00C04F79EFBC}") = "Model", "Model\Model.csproj", "{77A2AD2A-E1EE-4289-9B97-557DB75CDE14}"
EndProject
Global
	GlobalSection(SolutionConfigurationPlatforms) = preSolution
		Debug|Any CPU = Debug|Any CPU
		Release|Any CPU = Release|Any CPU
	EndGlobalSection
	GlobalSection(ProjectConfigurationPlatforms) = postSolution
		{76D89B99-C2AC-41CF-8E23-6313A4C46008}.Debug|Any CPU.ActiveCfg = Debug|Any CPU
		{76D89B99-C2AC-41CF-8E23-6313A4C46008}.Debug|Any CPU.Build.0 = Debug|Any CPU
		{76D89B99-C2AC-41CF-8E23-6313A4C46008}.Release|Any CPU.ActiveCfg = Release|Any CPU
		{76D89B99-C2AC-41CF-8E23-6313A4C46008}.Release|Any CPU.Build.0 = Release|Any CPU
		{AFF0DB6E-89FA-489B-9A6E-CB8970953014}.Debug|Any CPU.ActiveCfg = Debug|Any CPU
		{AFF0DB6E-89FA-489B-9A6E-CB8970953014}.Debug|Any CPU.Build.0 = Debug|Any CPU
		{AFF0DB6E-89FA-489B-9A6E-CB8970953014}.Release|Any CPU.ActiveCfg = Release|Any CPU
		{AFF0DB6E-89FA-489B-9A6E-CB8970953014}.Release|Any CPU.Build.0 = Release|Any CPU
		{05A418F7-729C-4204-BD11-9483FB4FE806}.Debug|Any CPU.ActiveCfg = Debug|Any CPU
		{05A418F7-729C-4204-BD11-9483FB4FE806}.Debug|Any CPU.Build.0 = Debug|Any CPU
		{05A418F7-729C-4204-BD11-9483FB4FE806}.Release|Any CPU.ActiveCfg = Release|Any CPU
		{05A418F7-729C-4204-BD11-9483FB4FE806}.Release|Any CPU.Build.0 = Release|Any CPU
		{77A2AD2A-E1EE-4289-9B97-557DB75CDE14}.Debug|Any CPU.ActiveCfg = Debug|Any CPU
		{77A2AD2A-E1EE-4289-9B97-557DB75CDE14}.Debug|Any CPU.Build.0 = Debug|Any CPU
		{77A2AD2A-E1EE-4289-9B97-557DB75CDE14}.Release|Any CPU.ActiveCfg = Release|Any CPU
		{77A2AD2A-E1EE-4289-9B97-557DB75CDE14}.Release|Any CPU.Build.0 = Release|Any CPU
	EndGlobalSection
	GlobalSection(SolutionProperties) = preSolution
		HideSolutionNode = FALSE
	EndGlobalSection
	GlobalSection(ExtensibilityGlobals) = postSolution
		SolutionGuid = {D41866E2-2643-431B-BF80-C518484AC202}
	EndGlobalSection
EndGlobal
